
Microsoft Visual Studio Solution File, Format Version 12.00
# Visual Studio 15
VisualStudioVersion = 15.0.28307.1758
MinimumVisualStudioVersion = 10.0.40219.1
Project("{FAE04EC0-301F-11D3-BF4B-00C04F79EFBC}") = "Zoop", "Zoop\Zoop.csproj", "{8DEF0FE7-0E71-4232-90C5-72A869F24AEA}"
EndProject
Global
	GlobalSection(SolutionConfigurationPlatforms) = preSolution
		Debug|Any CPU = Debug|Any CPU
		Release|Any CPU = Release|Any CPU
	EndGlobalSection
	GlobalSection(ProjectConfigurationPlatforms) = postSolution
		{8DEF0FE7-0E71-4232-90C5-72A869F24AEA}.Debug|Any CPU.ActiveCfg = Debug|Any CPU
		{8DEF0FE7-0E71-4232-90C5-72A869F24AEA}.Debug|Any CPU.Build.0 = Debug|Any CPU
		{8DEF0FE7-0E71-4232-90C5-72A869F24AEA}.Release|Any CPU.ActiveCfg = Release|Any CPU
		{8DEF0FE7-0E71-4232-90C5-72A869F24AEA}.Release|Any CPU.Build.0 = Release|Any CPU
	EndGlobalSection
	GlobalSection(SolutionProperties) = preSolution
		HideSolutionNode = FALSE
	EndGlobalSection
	GlobalSection(ExtensibilityGlobals) = postSolution
		SolutionGuid = {1DFE4A5B-C4DA-488C-8D45-9EF43075895D}
	EndGlobalSection
EndGlobal
